
Microsoft Visual Studio Solution File, Format Version 12.00
# Visual Studio Version 17
VisualStudioVersion = 17.1.32228.430
MinimumVisualStudioVersion = 10.0.40219.1
Project("{FAE04EC0-301F-11D3-BF4B-00C04F79EFBC}") = "четные нечетные числа", "четные нечетные числа\четные нечетные числа.csproj", "{AB07C419-258C-4A03-9259-C65356CDDDF5}"
EndProject
Global
	GlobalSection(SolutionConfigurationPlatforms) = preSolution
		Debug|Any CPU = Debug|Any CPU
		Release|Any CPU = Release|Any CPU
	EndGlobalSection
	GlobalSection(ProjectConfigurationPlatforms) = postSolution
		{AB07C419-258C-4A03-9259-C65356CDDDF5}.Debug|Any CPU.ActiveCfg = Debug|Any CPU
		{AB07C419-258C-4A03-9259-C65356CDDDF5}.Debug|Any CPU.Build.0 = Debug|Any CPU
		{AB07C419-258C-4A03-9259-C65356CDDDF5}.Release|Any CPU.ActiveCfg = Release|Any CPU
		{AB07C419-258C-4A03-9259-C65356CDDDF5}.Release|Any CPU.Build.0 = Release|Any CPU
	EndGlobalSection
	GlobalSection(SolutionProperties) = preSolution
		HideSolutionNode = FALSE
	EndGlobalSection
	GlobalSection(ExtensibilityGlobals) = postSolution
		SolutionGuid = {993DCD45-2E21-411E-AA33-0F2939706B2A}
	EndGlobalSection
EndGlobal
